
Microsoft Visual Studio Solution File, Format Version 11.00
# Visual Studio 2010
Project("{FAE04EC0-301F-11D3-BF4B-00C04F79EFBC}") = "net.davedoes.acceptancetestframework", "source\net.davedoes.acceptancetestframework\net.davedoes.acceptancetestframework.csproj", "{49850B91-6DB5-4965-8D02-AD391709B2CD}"
EndProject
Project("{FAE04EC0-301F-11D3-BF4B-00C04F79EFBC}") = "net.davedoes.acceptancetestframework.demo_nunit", "source\net.davedoes.acceptancetestframework.demo_nunit\net.davedoes.acceptancetestframework.demo_nunit.csproj", "{5DAD9A3A-D42F-4C25-8EDB-50C4C9A6ACDD}"
EndProject
Global
	GlobalSection(SolutionConfigurationPlatforms) = preSolution
		Debug|Any CPU = Debug|Any CPU
		Release|Any CPU = Release|Any CPU
	EndGlobalSection
	GlobalSection(ProjectConfigurationPlatforms) = postSolution
		{49850B91-6DB5-4965-8D02-AD391709B2CD}.Debug|Any CPU.ActiveCfg = Debug|Any CPU
		{49850B91-6DB5-4965-8D02-AD391709B2CD}.Debug|Any CPU.Build.0 = Debug|Any CPU
		{49850B91-6DB5-4965-8D02-AD391709B2CD}.Release|Any CPU.ActiveCfg = Release|Any CPU
		{49850B91-6DB5-4965-8D02-AD391709B2CD}.Release|Any CPU.Build.0 = Release|Any CPU
		{5DAD9A3A-D42F-4C25-8EDB-50C4C9A6ACDD}.Debug|Any CPU.ActiveCfg = Debug|Any CPU
		{5DAD9A3A-D42F-4C25-8EDB-50C4C9A6ACDD}.Debug|Any CPU.Build.0 = Debug|Any CPU
		{5DAD9A3A-D42F-4C25-8EDB-50C4C9A6ACDD}.Release|Any CPU.ActiveCfg = Release|Any CPU
		{5DAD9A3A-D42F-4C25-8EDB-50C4C9A6ACDD}.Release|Any CPU.Build.0 = Release|Any CPU
	EndGlobalSection
	GlobalSection(SolutionProperties) = preSolution
		HideSolutionNode = FALSE
	EndGlobalSection
EndGlobal
